
Microsoft Visual Studio Solution File, Format Version 12.00
# Visual Studio Version 17
VisualStudioVersion = 17.9.34616.47
MinimumVisualStudioVersion = 10.0.40219.1
Project("{FAE04EC0-301F-11D3-BF4B-00C04F79EFBC}") = "RazorPageMovie", "RazorPageMovie\RazorPageMovie.csproj", "{72142167-94A4-4402-ACD1-ABF34E87F067}"
EndProject
Global
	GlobalSection(SolutionConfigurationPlatforms) = preSolution
		Debug|Any CPU = Debug|Any CPU
		Release|Any CPU = Release|Any CPU
	EndGlobalSection
	GlobalSection(ProjectConfigurationPlatforms) = postSolution
		{72142167-94A4-4402-ACD1-ABF34E87F067}.Debug|Any CPU.ActiveCfg = Debug|Any CPU
		{72142167-94A4-4402-ACD1-ABF34E87F067}.Debug|Any CPU.Build.0 = Debug|Any CPU
		{72142167-94A4-4402-ACD1-ABF34E87F067}.Release|Any CPU.ActiveCfg = Release|Any CPU
		{72142167-94A4-4402-ACD1-ABF34E87F067}.Release|Any CPU.Build.0 = Release|Any CPU
	EndGlobalSection
	GlobalSection(SolutionProperties) = preSolution
		HideSolutionNode = FALSE
	EndGlobalSection
	GlobalSection(ExtensibilityGlobals) = postSolution
		SolutionGuid = {E60317F4-5EC6-4189-8794-C60E74D8DB2F}
	EndGlobalSection
EndGlobal
